
Microsoft Visual Studio Solution File, Format Version 12.00
# Visual Studio 14
VisualStudioVersion = 14.0.25123.0
MinimumVisualStudioVersion = 10.0.40219.1
Project("{8BC9CEB8-8B4A-11D0-8D11-00A0C91BC942}") = "Sql_test", "Sql_test\Sql_test.vcxproj", "{355ED6E7-F1C5-4E0A-B449-28F17662640F}"
EndProject
Project("{8BC9CEB8-8B4A-11D0-8D11-00A0C91BC942}") = "Score", "Score\Score.vcxproj", "{39C10164-B3DB-4C8E-AFE6-61400F89D6DC}"
EndProject
Project("{8BC9CEB8-8B4A-11D0-8D11-00A0C91BC942}") = "zz", "zz\zz.vcxproj", "{2286A243-7D20-413A-B3E4-F7209E2D7667}"
EndProject
Global
	GlobalSection(SolutionConfigurationPlatforms) = preSolution
		Debug|x64 = Debug|x64
		Debug|x86 = Debug|x86
		Release|x64 = Release|x64
		Release|x86 = Release|x86
	EndGlobalSection
	GlobalSection(ProjectConfigurationPlatforms) = postSolution
		{355ED6E7-F1C5-4E0A-B449-28F17662640F}.Debug|x64.ActiveCfg = Debug|x64
		{355ED6E7-F1C5-4E0A-B449-28F17662640F}.Debug|x64.Build.0 = Debug|x64
		{355ED6E7-F1C5-4E0A-B449-28F17662640F}.Debug|x86.ActiveCfg = Debug|Win32
		{355ED6E7-F1C5-4E0A-B449-28F17662640F}.Debug|x86.Build.0 = Debug|Win32
		{355ED6E7-F1C5-4E0A-B449-28F17662640F}.Release|x64.ActiveCfg = Release|x64
		{355ED6E7-F1C5-4E0A-B449-28F17662640F}.Release|x64.Build.0 = Release|x64
		{355ED6E7-F1C5-4E0A-B449-28F17662640F}.Release|x86.ActiveCfg = Release|Win32
		{355ED6E7-F1C5-4E0A-B449-28F17662640F}.Release|x86.Build.0 = Release|Win32
		{39C10164-B3DB-4C8E-AFE6-61400F89D6DC}.Debug|x64.ActiveCfg = Debug|x64
		{39C10164-B3DB-4C8E-AFE6-61400F89D6DC}.Debug|x64.Build.0 = Debug|x64
		{39C10164-B3DB-4C8E-AFE6-61400F89D6DC}.Debug|x86.ActiveCfg = Debug|Win32
		{39C10164-B3DB-4C8E-AFE6-61400F89D6DC}.Debug|x86.Build.0 = Debug|Win32
		{39C10164-B3DB-4C8E-AFE6-61400F89D6DC}.Release|x64.ActiveCfg = Release|x64
		{39C10164-B3DB-4C8E-AFE6-61400F89D6DC}.Release|x64.Build.0 = Release|x64
		{39C10164-B3DB-4C8E-AFE6-61400F89D6DC}.Release|x86.ActiveCfg = Release|Win32
		{39C10164-B3DB-4C8E-AFE6-61400F89D6DC}.Release|x86.Build.0 = Release|Win32
		{2286A243-7D20-413A-B3E4-F7209E2D7667}.Debug|x64.ActiveCfg = Debug|x64
		{2286A243-7D20-413A-B3E4-F7209E2D7667}.Debug|x64.Build.0 = Debug|x64
		{2286A243-7D20-413A-B3E4-F7209E2D7667}.Debug|x86.ActiveCfg = Debug|Win32
		{2286A243-7D20-413A-B3E4-F7209E2D7667}.Debug|x86.Build.0 = Debug|Win32
		{2286A243-7D20-413A-B3E4-F7209E2D7667}.Release|x64.ActiveCfg = Release|x64
		{2286A243-7D20-413A-B3E4-F7209E2D7667}.Release|x64.Build.0 = Release|x64
		{2286A243-7D20-413A-B3E4-F7209E2D7667}.Release|x86.ActiveCfg = Release|Win32
		{2286A243-7D20-413A-B3E4-F7209E2D7667}.Release|x86.Build.0 = Release|Win32
	EndGlobalSection
	GlobalSection(SolutionProperties) = preSolution
		HideSolutionNode = FALSE
	EndGlobalSection
EndGlobal
